
Microsoft Visual Studio Solution File, Format Version 12.00
# Visual Studio 15
VisualStudioVersion = 15.0.27130.2027
MinimumVisualStudioVersion = 10.0.40219.1
Project("{FAE04EC0-301F-11D3-BF4B-00C04F79EFBC}") = "DogDoor", "DogDoor\DogDoor.csproj", "{574E59F5-CB3B-4C41-8AB3-05529CDE0E3E}"
EndProject
Project("{FAE04EC0-301F-11D3-BF4B-00C04F79EFBC}") = "DogDoor.Tests", "DogDoor.Tests\DogDoor.Tests.csproj", "{FB154AB3-5E28-409C-A7FF-676A5B43B48D}"
EndProject
Global
	GlobalSection(SolutionConfigurationPlatforms) = preSolution
		Debug|Any CPU = Debug|Any CPU
		Release|Any CPU = Release|Any CPU
	EndGlobalSection
	GlobalSection(ProjectConfigurationPlatforms) = postSolution
		{574E59F5-CB3B-4C41-8AB3-05529CDE0E3E}.Debug|Any CPU.ActiveCfg = Debug|Any CPU
		{574E59F5-CB3B-4C41-8AB3-05529CDE0E3E}.Debug|Any CPU.Build.0 = Debug|Any CPU
		{574E59F5-CB3B-4C41-8AB3-05529CDE0E3E}.Release|Any CPU.ActiveCfg = Release|Any CPU
		{574E59F5-CB3B-4C41-8AB3-05529CDE0E3E}.Release|Any CPU.Build.0 = Release|Any CPU
		{FB154AB3-5E28-409C-A7FF-676A5B43B48D}.Debug|Any CPU.ActiveCfg = Debug|Any CPU
		{FB154AB3-5E28-409C-A7FF-676A5B43B48D}.Debug|Any CPU.Build.0 = Debug|Any CPU
		{FB154AB3-5E28-409C-A7FF-676A5B43B48D}.Release|Any CPU.ActiveCfg = Release|Any CPU
		{FB154AB3-5E28-409C-A7FF-676A5B43B48D}.Release|Any CPU.Build.0 = Release|Any CPU
	EndGlobalSection
	GlobalSection(SolutionProperties) = preSolution
		HideSolutionNode = FALSE
	EndGlobalSection
	GlobalSection(ExtensibilityGlobals) = postSolution
		SolutionGuid = {1D9CD1BE-7671-4B6E-9ED0-18AA6551FAD6}
	EndGlobalSection
EndGlobal
